// !$*UTF8*$!
{
	archiveVersion = 1;
	classes = {
	};
	objectVersion = 46;
	objects = {

/* Begin PBXBuildFile section */
		70F3C4CC1E2B496D00812ACD /* main.m in Sources */ = {isa = PBXBuildFile; fileRef = 70F3C4CB1E2B496D00812ACD /* main.m */; };
		70F3C4CF1E2B496D00812ACD /* AppDelegate.m in Sources */ = {isa = PBXBuildFile; fileRef = 70F3C4CE1E2B496D00812ACD /* AppDelegate.m */; };
		70F3C4D21E2B496D00812ACD /* ViewController.m in Sources */ = {isa = PBXBuildFile; fileRef = 70F3C4D11E2B496D00812ACD /* ViewController.m */; };
		70F3C4D51E2B496D00812ACD /* Main.storyboard in Resources */ = {isa = PBXBuildFile; fileRef = 70F3C4D31E2B496D00812ACD /* Main.storyboard */; };
		70F3C4D71E2B496D00812ACD /* Assets.xcassets in Resources */ = {isa = PBXBuildFile; fileRef = 70F3C4D61E2B496D00812ACD /* Assets.xcassets */; };
		70F3C4DA1E2B496D00812ACD /* LaunchScreen.storyboard in Resources */ = {isa = PBXBuildFile; fileRef = 70F3C4D81E2B496D00812ACD /* LaunchScreen.storyboard */; };
		70F3C4E71E2B4A3C00812ACD /* libsqlite3.0.tbd in Frameworks */ = {isa = PBXBuildFile; fileRef = 70F3C4E61E2B4A3C00812ACD /* libsqlite3.0.tbd */; };
		70F3C5251E2B51E000812ACD /* sqlite__Tests.m in Sources */ = {isa = PBXBuildFile; fileRef = 70F3C5241E2B51E000812ACD /* sqlite__Tests.m */; };
		70F3C52D1E2B51F100812ACD /* XMGSqliteToolTest.m in Sources */ = {isa = PBXBuildFile; fileRef = 70F3C52C1E2B51F100812ACD /* XMGSqliteToolTest.m */; };
		70F3C5301E2B5D6600812ACD /* XMGStu.m in Sources */ = {isa = PBXBuildFile; fileRef = 70F3C52F1E2B5D6600812ACD /* XMGStu.m */; };
		70F3C5351E2B5EC900812ACD /* XMGStu.plist in Resources */ = {isa = PBXBuildFile; fileRef = 70F3C5341E2B5EC900812ACD /* XMGStu.plist */; };
		70F3C53A1E2B61FE00812ACD /* XMGModelToolTest.m in Sources */ = {isa = PBXBuildFile; fileRef = 70F3C5391E2B61FE00812ACD /* XMGModelToolTest.m */; };
		70F3C5401E2B6F4100812ACD /* XMGTableToolTest.m in Sources */ = {isa = PBXBuildFile; fileRef = 70F3C53F1E2B6F4100812ACD /* XMGTableToolTest.m */; };
		70FE26881E4F02430067F156 /* XMGModelTool.m in Sources */ = {isa = PBXBuildFile; fileRef = 70FE26811E4F02430067F156 /* XMGModelTool.m */; };
		70FE26891E4F02430067F156 /* XMGSqliteModelTool.m in Sources */ = {isa = PBXBuildFile; fileRef = 70FE26831E4F02430067F156 /* XMGSqliteModelTool.m */; };
		70FE268A1E4F02430067F156 /* XMGSqliteTool.m in Sources */ = {isa = PBXBuildFile; fileRef = 70FE26851E4F02430067F156 /* XMGSqliteTool.m */; };
		70FE268B1E4F02430067F156 /* XMGTableTool.m in Sources */ = {isa = PBXBuildFile; fileRef = 70FE26871E4F02430067F156 /* XMGTableTool.m */; };
		7B8B70021E45A51000B50784 /* XMGSqliteModelToolTest.m in Sources */ = {isa = PBXBuildFile; fileRef = 7B8B70011E45A51000B50784 /* XMGSqliteModelToolTest.m */; };
		EC89E287206B359600835684 /* UIViewController+YYExchangeMessage.m in Sources */ = {isa = PBXBuildFile; fileRef = EC89E286206B359600835684 /* UIViewController+YYExchangeMessage.m */; };
		EC89E28A206B35A400835684 /* YYStockModel.m in Sources */ = {isa = PBXBuildFile; fileRef = EC89E289206B35A300835684 /* YYStockModel.m */; };
/* End PBXBuildFile section */

/* Begin PBXContainerItemProxy section */
		70F3C5271E2B51E000812ACD /* PBXContainerItemProxy */ = {
			isa = PBXContainerItemProxy;
			containerPortal = 70F3C4BF1E2B496D00812ACD /* Project object */;
			proxyType = 1;
			remoteGlobalIDString = 70F3C4C61E2B496D00812ACD;
			remoteInfo = "sqlite封装";
		};
/* End PBXContainerItemProxy section */

/* Begin PBXFileReference section */
		70F3C4C71E2B496D00812ACD /* sqlite封装.app */ = {isa = PBXFileReference; explicitFileType = wrapper.application; includeInIndex = 0; path = "sqlite封装.app"; sourceTree = BUILT_PRODUCTS_DIR; };
		70F3C4CB1E2B496D00812ACD /* main.m */ = {isa = PBXFileReference; lastKnownFileType = sourcecode.c.objc; path = main.m; sourceTree = "<group>"; };
		70F3C4CD1E2B496D00812ACD /* AppDelegate.h */ = {isa = PBXFileReference; lastKnownFileType = sourcecode.c.h; path = AppDelegate.h; sourceTree = "<group>"; };
		70F3C4CE1E2B496D00812ACD /* AppDelegate.m */ = {isa = PBXFileReference; lastKnownFileType = sourcecode.c.objc; path = AppDelegate.m; sourceTree = "<group>"; };
		70F3C4D01E2B496D00812ACD /* ViewController.h */ = {isa = PBXFileReference; lastKnownFileType = sourcecode.c.h; path = ViewController.h; sourceTree = "<group>"; };
		70F3C4D11E2B496D00812ACD /* ViewController.m */ = {isa = PBXFileReference; lastKnownFileType = sourcecode.c.objc; path = ViewController.m; sourceTree = "<group>"; };
		70F3C4D41E2B496D00812ACD /* Base */ = {isa = PBXFileReference; lastKnownFileType = file.storyboard; name = Base; path = Base.lproj/Main.storyboard; sourceTree = "<group>"; };
		70F3C4D61E2B496D00812ACD /* Assets.xcassets */ = {isa = PBXFileReference; lastKnownFileType = folder.assetcatalog; path = Assets.xcassets; sourceTree = "<group>"; };
		70F3C4D91E2B496D00812ACD /* Base */ = {isa = PBXFileReference; lastKnownFileType = file.storyboard; name = Base; path = Base.lproj/LaunchScreen.storyboard; sourceTree = "<group>"; };
		70F3C4DB1E2B496D00812ACD /* Info.plist */ = {isa = PBXFileReference; lastKnownFileType = text.plist.xml; path = Info.plist; sourceTree = "<group>"; };
		70F3C4E61E2B4A3C00812ACD /* libsqlite3.0.tbd */ = {isa = PBXFileReference; lastKnownFileType = "sourcecode.text-based-dylib-definition"; name = libsqlite3.0.tbd; path = usr/lib/libsqlite3.0.tbd; sourceTree = SDKROOT; };
		70F3C5221E2B51E000812ACD /* sqlite封装Tests.xctest */ = {isa = PBXFileReference; explicitFileType = wrapper.cfbundle; includeInIndex = 0; path = "sqlite封装Tests.xctest"; sourceTree = BUILT_PRODUCTS_DIR; };
		70F3C5241E2B51E000812ACD /* sqlite__Tests.m */ = {isa = PBXFileReference; lastKnownFileType = sourcecode.c.objc; path = sqlite__Tests.m; sourceTree = "<group>"; };
		70F3C5261E2B51E000812ACD /* Info.plist */ = {isa = PBXFileReference; lastKnownFileType = text.plist.xml; path = Info.plist; sourceTree = "<group>"; };
		70F3C52C1E2B51F100812ACD /* XMGSqliteToolTest.m */ = {isa = PBXFileReference; fileEncoding = 4; lastKnownFileType = sourcecode.c.objc; path = XMGSqliteToolTest.m; sourceTree = "<group>"; };
		70F3C52E1E2B5D6600812ACD /* XMGStu.h */ = {isa = PBXFileReference; fileEncoding = 4; lastKnownFileType = sourcecode.c.h; path = XMGStu.h; sourceTree = "<group>"; };
		70F3C52F1E2B5D6600812ACD /* XMGStu.m */ = {isa = PBXFileReference; fileEncoding = 4; lastKnownFileType = sourcecode.c.objc; path = XMGStu.m; sourceTree = "<group>"; };
		70F3C5341E2B5EC900812ACD /* XMGStu.plist */ = {isa = PBXFileReference; fileEncoding = 4; lastKnownFileType = text.plist.xml; path = XMGStu.plist; sourceTree = "<group>"; };
		70F3C5391E2B61FE00812ACD /* XMGModelToolTest.m */ = {isa = PBXFileReference; fileEncoding = 4; lastKnownFileType = sourcecode.c.objc; path = XMGModelToolTest.m; sourceTree = "<group>"; };
		70F3C53F1E2B6F4100812ACD /* XMGTableToolTest.m */ = {isa = PBXFileReference; fileEncoding = 4; lastKnownFileType = sourcecode.c.objc; path = XMGTableToolTest.m; sourceTree = "<group>"; };
		70FE267F1E4F02430067F156 /* XMGModelProtocol.h */ = {isa = PBXFileReference; fileEncoding = 4; lastKnownFileType = sourcecode.c.h; path = XMGModelProtocol.h; sourceTree = "<group>"; };
		70FE26801E4F02430067F156 /* XMGModelTool.h */ = {isa = PBXFileReference; fileEncoding = 4; lastKnownFileType = sourcecode.c.h; path = XMGModelTool.h; sourceTree = "<group>"; };
		70FE26811E4F02430067F156 /* XMGModelTool.m */ = {isa = PBXFileReference; fileEncoding = 4; lastKnownFileType = sourcecode.c.objc; path = XMGModelTool.m; sourceTree = "<group>"; };
		70FE26821E4F02430067F156 /* XMGSqliteModelTool.h */ = {isa = PBXFileReference; fileEncoding = 4; lastKnownFileType = sourcecode.c.h; path = XMGSqliteModelTool.h; sourceTree = "<group>"; };
		70FE26831E4F02430067F156 /* XMGSqliteModelTool.m */ = {isa = PBXFileReference; fileEncoding = 4; lastKnownFileType = sourcecode.c.objc; path = XMGSqliteModelTool.m; sourceTree = "<group>"; };
		70FE26841E4F02430067F156 /* XMGSqliteTool.h */ = {isa = PBXFileReference; fileEncoding = 4; lastKnownFileType = sourcecode.c.h; path = XMGSqliteTool.h; sourceTree = "<group>"; };
		70FE26851E4F02430067F156 /* XMGSqliteTool.m */ = {isa = PBXFileReference; fileEncoding = 4; lastKnownFileType = sourcecode.c.objc; path = XMGSqliteTool.m; sourceTree = "<group>"; };
		70FE26861E4F02430067F156 /* XMGTableTool.h */ = {isa = PBXFileReference; fileEncoding = 4; lastKnownFileType = sourcecode.c.h; path = XMGTableTool.h; sourceTree = "<group>"; };
		70FE26871E4F02430067F156 /* XMGTableTool.m */ = {isa = PBXFileReference; fileEncoding = 4; lastKnownFileType = sourcecode.c.objc; path = XMGTableTool.m; sourceTree = "<group>"; };
		7B8B70011E45A51000B50784 /* XMGSqliteModelToolTest.m */ = {isa = PBXFileReference; fileEncoding = 4; lastKnownFileType = sourcecode.c.objc; path = XMGSqliteModelToolTest.m; sourceTree = "<group>"; };
		EC89E285206B359600835684 /* UIViewController+YYExchangeMessage.h */ = {isa = PBXFileReference; fileEncoding = 4; lastKnownFileType = sourcecode.c.h; path = "UIViewController+YYExchangeMessage.h"; sourceTree = "<group>"; };
		EC89E286206B359600835684 /* UIViewController+YYExchangeMessage.m */ = {isa = PBXFileReference; fileEncoding = 4; lastKnownFileType = sourcecode.c.objc; path = "UIViewController+YYExchangeMessage.m"; sourceTree = "<group>"; };
		EC89E288206B35A300835684 /* YYStockModel.h */ = {isa = PBXFileReference; fileEncoding = 4; lastKnownFileType = sourcecode.c.h; path = YYStockModel.h; sourceTree = "<group>"; };
		EC89E289206B35A300835684 /* YYStockModel.m */ = {isa = PBXFileReference; fileEncoding = 4; lastKnownFileType = sourcecode.c.objc; path = YYStockModel.m; sourceTree = "<group>"; };
/* End PBXFileReference section */

/* Begin PBXFrameworksBuildPhase section */
		70F3C4C41E2B496D00812ACD /* Frameworks */ = {
			isa = PBXFrameworksBuildPhase;
			buildActionMask = 2147483647;
			files = (
				70F3C4E71E2B4A3C00812ACD /* libsqlite3.0.tbd in Frameworks */,
			);
			runOnlyForDeploymentPostprocessing = 0;
		};
		70F3C51F1E2B51E000812ACD /* Frameworks */ = {
			isa = PBXFrameworksBuildPhase;
			buildActionMask = 2147483647;
			files = (
			);
			runOnlyForDeploymentPostprocessing = 0;
		};
/* End PBXFrameworksBuildPhase section */

/* Begin PBXGroup section */
		70F3C4BE1E2B496D00812ACD = {
			isa = PBXGroup;
			children = (
				70F3C4C91E2B496D00812ACD /* sqlite封装 */,
				70F3C5231E2B51E000812ACD /* sqlite封装Tests */,
				70F3C4C81E2B496D00812ACD /* Products */,
				70F3C4E51E2B4A3C00812ACD /* Frameworks */,
			);
			sourceTree = "<group>";
		};
		70F3C4C81E2B496D00812ACD /* Products */ = {
			isa = PBXGroup;
			children = (
				70F3C4C71E2B496D00812ACD /* sqlite封装.app */,
				70F3C5221E2B51E000812ACD /* sqlite封装Tests.xctest */,
			);
			name = Products;
			sourceTree = "<group>";
		};
		70F3C4C91E2B496D00812ACD /* sqlite封装 */ = {
			isa = PBXGroup;
			children = (
				70F3C4E11E2B4A1E00812ACD /* Classes */,
				70F3C4CD1E2B496D00812ACD /* AppDelegate.h */,
				70F3C4CE1E2B496D00812ACD /* AppDelegate.m */,
				70F3C4D01E2B496D00812ACD /* ViewController.h */,
				70F3C4D11E2B496D00812ACD /* ViewController.m */,
				70F3C52E1E2B5D6600812ACD /* XMGStu.h */,
				70F3C52F1E2B5D6600812ACD /* XMGStu.m */,
				EC89E288206B35A300835684 /* YYStockModel.h */,
				EC89E289206B35A300835684 /* YYStockModel.m */,
				70F3C5341E2B5EC900812ACD /* XMGStu.plist */,
				70F3C4D31E2B496D00812ACD /* Main.storyboard */,
				70F3C4D61E2B496D00812ACD /* Assets.xcassets */,
				70F3C4D81E2B496D00812ACD /* LaunchScreen.storyboard */,
				70F3C4DB1E2B496D00812ACD /* Info.plist */,
				70F3C4CA1E2B496D00812ACD /* Supporting Files */,
			);
			path = "sqlite封装";
			sourceTree = "<group>";
		};
		70F3C4CA1E2B496D00812ACD /* Supporting Files */ = {
			isa = PBXGroup;
			children = (
				70F3C4CB1E2B496D00812ACD /* main.m */,
			);
			name = "Supporting Files";
			sourceTree = "<group>";
		};
		70F3C4E11E2B4A1E00812ACD /* Classes */ = {
			isa = PBXGroup;
			children = (
				EC89E285206B359600835684 /* UIViewController+YYExchangeMessage.h */,
				EC89E286206B359600835684 /* UIViewController+YYExchangeMessage.m */,
				70FE267F1E4F02430067F156 /* XMGModelProtocol.h */,
				70FE26801E4F02430067F156 /* XMGModelTool.h */,
				70FE26811E4F02430067F156 /* XMGModelTool.m */,
				70FE26821E4F02430067F156 /* XMGSqliteModelTool.h */,
				70FE26831E4F02430067F156 /* XMGSqliteModelTool.m */,
				70FE26841E4F02430067F156 /* XMGSqliteTool.h */,
				70FE26851E4F02430067F156 /* XMGSqliteTool.m */,
				70FE26861E4F02430067F156 /* XMGTableTool.h */,
				70FE26871E4F02430067F156 /* XMGTableTool.m */,
			);
			path = Classes;
			sourceTree = "<group>";
		};
		70F3C4E51E2B4A3C00812ACD /* Frameworks */ = {
			isa = PBXGroup;
			children = (
				70F3C4E61E2B4A3C00812ACD /* libsqlite3.0.tbd */,
			);
			name = Frameworks;
			sourceTree = "<group>";
		};
		70F3C5231E2B51E000812ACD /* sqlite封装Tests */ = {
			isa = PBXGroup;
			children = (
				70F3C5241E2B51E000812ACD /* sqlite__Tests.m */,
				70F3C52C1E2B51F100812ACD /* XMGSqliteToolTest.m */,
				7B8B70011E45A51000B50784 /* XMGSqliteModelToolTest.m */,
				70F3C5391E2B61FE00812ACD /* XMGModelToolTest.m */,
				70F3C53F1E2B6F4100812ACD /* XMGTableToolTest.m */,
				70F3C5261E2B51E000812ACD /* Info.plist */,
			);
			path = "sqlite封装Tests";
			sourceTree = "<group>";
		};
/* End PBXGroup section */

/* Begin PBXNativeTarget section */
		70F3C4C61E2B496D00812ACD /* sqlite封装 */ = {
			isa = PBXNativeTarget;
			buildConfigurationList = 70F3C4DE1E2B496D00812ACD /* Build configuration list for PBXNativeTarget "sqlite封装" */;
			buildPhases = (
				70F3C4C31E2B496D00812ACD /* Sources */,
				70F3C4C41E2B496D00812ACD /* Frameworks */,
				70F3C4C51E2B496D00812ACD /* Resources */,
			);
			buildRules = (
			);
			dependencies = (
			);
			name = "sqlite封装";
			productName = "sqlite封装";
			productReference = 70F3C4C71E2B496D00812ACD /* sqlite封装.app */;
			productType = "com.apple.product-type.application";
		};
		70F3C5211E2B51E000812ACD /* sqlite封装Tests */ = {
			isa = PBXNativeTarget;
			buildConfigurationList = 70F3C5291E2B51E000812ACD /* Build configuration list for PBXNativeTarget "sqlite封装Tests" */;
			buildPhases = (
				70F3C51E1E2B51E000812ACD /* Sources */,
				70F3C51F1E2B51E000812ACD /* Frameworks */,
				70F3C5201E2B51E000812ACD /* Resources */,
			);
			buildRules = (
			);
			dependencies = (
				70F3C5281E2B51E000812ACD /* PBXTargetDependency */,
			);
			name = "sqlite封装Tests";
			productName = "sqlite封装Tests";
			productReference = 70F3C5221E2B51E000812ACD /* sqlite封装Tests.xctest */;
			productType = "com.apple.product-type.bundle.unit-test";
		};
/* End PBXNativeTarget section */

/* Begin PBXProject section */
		70F3C4BF1E2B496D00812ACD /* Project object */ = {
			isa = PBXProject;
			attributes = {
				LastUpgradeCheck = 0810;
				ORGANIZATIONNAME = xmg;
				TargetAttributes = {
					70F3C4C61E2B496D00812ACD = {
						CreatedOnToolsVersion = 8.1;
						ProvisioningStyle = Automatic;
					};
					70F3C5211E2B51E000812ACD = {
						CreatedOnToolsVersion = 8.1;
						ProvisioningStyle = Automatic;
						TestTargetID = 70F3C4C61E2B496D00812ACD;
					};
				};
			};
			buildConfigurationList = 70F3C4C21E2B496D00812ACD /* Build configuration list for PBXProject "sqlite封装" */;
			compatibilityVersion = "Xcode 3.2";
			developmentRegion = English;
			hasScannedForEncodings = 0;
			knownRegions = (
				en,
				Base,
			);
			mainGroup = 70F3C4BE1E2B496D00812ACD;
			productRefGroup = 70F3C4C81E2B496D00812ACD /* Products */;
			projectDirPath = "";
			projectRoot = "";
			targets = (
				70F3C4C61E2B496D00812ACD /* sqlite封装 */,
				70F3C5211E2B51E000812ACD /* sqlite封装Tests */,
			);
		};
/* End PBXProject section */

/* Begin PBXResourcesBuildPhase section */
		70F3C4C51E2B496D00812ACD /* Resources */ = {
			isa = PBXResourcesBuildPhase;
			buildActionMask = 2147483647;
			files = (
				70F3C4DA1E2B496D00812ACD /* LaunchScreen.storyboard in Resources */,
				70F3C4D71E2B496D00812ACD /* Assets.xcassets in Resources */,
				70F3C5351E2B5EC900812ACD /* XMGStu.plist in Resources */,
				70F3C4D51E2B496D00812ACD /* Main.storyboard in Resources */,
			);
			runOnlyForDeploymentPostprocessing = 0;
		};
		70F3C5201E2B51E000812ACD /* Resources */ = {
			isa = PBXResourcesBuildPhase;
			buildActionMask = 2147483647;
			files = (
			);
			runOnlyForDeploymentPostprocessing = 0;
		};
/* End PBXResourcesBuildPhase section */

/* Begin PBXSourcesBuildPhase section */
		70F3C4C31E2B496D00812ACD /* Sources */ = {
			isa = PBXSourcesBuildPhase;
			buildActionMask = 2147483647;
			files = (
				70F3C4D21E2B496D00812ACD /* ViewController.m in Sources */,
				70FE26881E4F02430067F156 /* XMGModelTool.m in Sources */,
				EC89E28A206B35A400835684 /* YYStockModel.m in Sources */,
				70FE268A1E4F02430067F156 /* XMGSqliteTool.m in Sources */,
				70FE268B1E4F02430067F156 /* XMGTableTool.m in Sources */,
				EC89E287206B359600835684 /* UIViewController+YYExchangeMessage.m in Sources */,
				70F3C4CF1E2B496D00812ACD /* AppDelegate.m in Sources */,
				70F3C5301E2B5D6600812ACD /* XMGStu.m in Sources */,
				70FE26891E4F02430067F156 /* XMGSqliteModelTool.m in Sources */,
				70F3C4CC1E2B496D00812ACD /* main.m in Sources */,
			);
			runOnlyForDeploymentPostprocessing = 0;
		};
		70F3C51E1E2B51E000812ACD /* Sources */ = {
			isa = PBXSourcesBuildPhase;
			buildActionMask = 2147483647;
			files = (
				7B8B70021E45A51000B50784 /* XMGSqliteModelToolTest.m in Sources */,
				70F3C52D1E2B51F100812ACD /* XMGSqliteToolTest.m in Sources */,
				70F3C53A1E2B61FE00812ACD /* XMGModelToolTest.m in Sources */,
				70F3C5251E2B51E000812ACD /* sqlite__Tests.m in Sources */,
				70F3C5401E2B6F4100812ACD /* XMGTableToolTest.m in Sources */,
			);
			runOnlyForDeploymentPostprocessing = 0;
		};
/* End PBXSourcesBuildPhase section */

/* Begin PBXTargetDependency section */
		70F3C5281E2B51E000812ACD /* PBXTargetDependency */ = {
			isa = PBXTargetDependency;
			target = 70F3C4C61E2B496D00812ACD /* sqlite封装 */;
			targetProxy = 70F3C5271E2B51E000812ACD /* PBXContainerItemProxy */;
		};
/* End PBXTargetDependency section */

/* Begin PBXVariantGroup section */
		70F3C4D31E2B496D00812ACD /* Main.storyboard */ = {
			isa = PBXVariantGroup;
			children = (
				70F3C4D41E2B496D00812ACD /* Base */,
			);
			name = Main.storyboard;
			sourceTree = "<group>";
		};
		70F3C4D81E2B496D00812ACD /* LaunchScreen.storyboard */ = {
			isa = PBXVariantGroup;
			children = (
				70F3C4D91E2B496D00812ACD /* Base */,
			);
			name = LaunchScreen.storyboard;
			sourceTree = "<group>";
		};
/* End PBXVariantGroup section */

/* Begin XCBuildConfiguration section */
		70F3C4DC1E2B496D00812ACD /* Debug */ = {
			isa = XCBuildConfiguration;
			buildSettings = {
				ALWAYS_SEARCH_USER_PATHS = NO;
				CLANG_ANALYZER_NONNULL = YES;
				CLANG_CXX_LANGUAGE_STANDARD = "gnu++0x";
				CLANG_CXX_LIBRARY = "libc++";
				CLANG_ENABLE_MODULES = YES;
				CLANG_ENABLE_OBJC_ARC = YES;
				CLANG_WARN_BOOL_CONVERSION = YES;
				CLANG_WARN_CONSTANT_CONVERSION = YES;
				CLANG_WARN_DIRECT_OBJC_ISA_USAGE = YES_ERROR;
				CLANG_WARN_DOCUMENTATION_COMMENTS = YES;
				CLANG_WARN_EMPTY_BODY = YES;
				CLANG_WARN_ENUM_CONVERSION = YES;
				CLANG_WARN_INFINITE_RECURSION = YES;
				CLANG_WARN_INT_CONVERSION = YES;
				CLANG_WARN_OBJC_ROOT_CLASS = YES_ERROR;
				CLANG_WARN_SUSPICIOUS_MOVES = YES;
				CLANG_WARN_UNREACHABLE_CODE = YES;
				CLANG_WARN__DUPLICATE_METHOD_MATCH = YES;
				"CODE_SIGN_IDENTITY[sdk=iphoneos*]" = "iPhone Developer";
				COPY_PHASE_STRIP = NO;
				DEBUG_INFORMATION_FORMAT = dwarf;
				ENABLE_STRICT_OBJC_MSGSEND = YES;
				ENABLE_TESTABILITY = YES;
				GCC_C_LANGUAGE_STANDARD = gnu99;
				GCC_DYNAMIC_NO_PIC = NO;
				GCC_NO_COMMON_BLOCKS = YES;
				GCC_OPTIMIZATION_LEVEL = 0;
				GCC_PREPROCESSOR_DEFINITIONS = (
					"DEBUG=1",
					"$(inherited)",
				);
				GCC_WARN_64_TO_32_BIT_CONVERSION = YES;
				GCC_WARN_ABOUT_RETURN_TYPE = YES_ERROR;
				GCC_WARN_UNDECLARED_SELECTOR = YES;
				GCC_WARN_UNINITIALIZED_AUTOS = YES_AGGRESSIVE;
				GCC_WARN_UNUSED_FUNCTION = YES;
				GCC_WARN_UNUSED_VARIABLE = YES;
				IPHONEOS_DEPLOYMENT_TARGET = 10.1;
				MTL_ENABLE_DEBUG_INFO = YES;
				ONLY_ACTIVE_ARCH = YES;
				SDKROOT = iphoneos;
			};
			name = Debug;
		};
		70F3C4DD1E2B496D00812ACD /* Release */ = {
			isa = XCBuildConfiguration;
			buildSettings = {
				ALWAYS_SEARCH_USER_PATHS = NO;
				CLANG_ANALYZER_NONNULL = YES;
				CLANG_CXX_LANGUAGE_STANDARD = "gnu++0x";
				CLANG_CXX_LIBRARY = "libc++";
				CLANG_ENABLE_MODULES = YES;
				CLANG_ENABLE_OBJC_ARC = YES;
				CLANG_WARN_BOOL_CONVERSION = YES;
				CLANG_WARN_CONSTANT_CONVERSION = YES;
				CLANG_WARN_DIRECT_OBJC_ISA_USAGE = YES_ERROR;
				CLANG_WARN_DOCUMENTATION_COMMENTS = YES;
				CLANG_WARN_EMPTY_BODY = YES;
				CLANG_WARN_ENUM_CONVERSION = YES;
				CLANG_WARN_INFINITE_RECURSION = YES;
				CLANG_WARN_INT_CONVERSION = YES;
				CLANG_WARN_OBJC_ROOT_CLASS = YES_ERROR;
				CLANG_WARN_SUSPICIOUS_MOVES = YES;
				CLANG_WARN_UNREACHABLE_CODE = YES;
				CLANG_WARN__DUPLICATE_METHOD_MATCH = YES;
				"CODE_SIGN_IDENTITY[sdk=iphoneos*]" = "iPhone Developer";
				COPY_PHASE_STRIP = NO;
				DEBUG_INFORMATION_FORMAT = "dwarf-with-dsym";
				ENABLE_NS_ASSERTIONS = NO;
				ENABLE_STRICT_OBJC_MSGSEND = YES;
				GCC_C_LANGUAGE_STANDARD = gnu99;
				GCC_NO_COMMON_BLOCKS = YES;
				GCC_WARN_64_TO_32_BIT_CONVERSION = YES;
				GCC_WARN_ABOUT_RETURN_TYPE = YES_ERROR;
				GCC_WARN_UNDECLARED_SELECTOR = YES;
				GCC_WARN_UNINITIALIZED_AUTOS = YES_AGGRESSIVE;
				GCC_WARN_UNUSED_FUNCTION = YES;
				GCC_WARN_UNUSED_VARIABLE = YES;
				IPHONEOS_DEPLOYMENT_TARGET = 10.1;
				MTL_ENABLE_DEBUG_INFO = NO;
				SDKROOT = iphoneos;
				VALIDATE_PRODUCT = YES;
			};
			name = Release;
		};
		70F3C4DF1E2B496D00812ACD /* Debug */ = {
			isa = XCBuildConfiguration;
			buildSettings = {
				ASSETCATALOG_COMPILER_APPICON_NAME = AppIcon;
				INFOPLIST_FILE = "sqlite封装/Info.plist";
				LD_RUNPATH_SEARCH_PATHS = "$(inherited) @executable_path/Frameworks";
				PRODUCT_BUNDLE_IDENTIFIER = "com.520it.sqlite--";
				PRODUCT_NAME = "$(TARGET_NAME)";
			};
			name = Debug;
		};
		70F3C4E01E2B496D00812ACD /* Release */ = {
			isa = XCBuildConfiguration;
			buildSettings = {
				ASSETCATALOG_COMPILER_APPICON_NAME = AppIcon;
				INFOPLIST_FILE = "sqlite封装/Info.plist";
				LD_RUNPATH_SEARCH_PATHS = "$(inherited) @executable_path/Frameworks";
				PRODUCT_BUNDLE_IDENTIFIER = "com.520it.sqlite--";
				PRODUCT_NAME = "$(TARGET_NAME)";
			};
			name = Release;
		};
		70F3C52A1E2B51E000812ACD /* Debug */ = {
			isa = XCBuildConfiguration;
			buildSettings = {
				BUNDLE_LOADER = "$(TEST_HOST)";
				INFOPLIST_FILE = "sqlite封装Tests/Info.plist";
				LD_RUNPATH_SEARCH_PATHS = "$(inherited) @executable_path/Frameworks @loader_path/Frameworks";
				PRODUCT_BUNDLE_IDENTIFIER = "com.520it.sqlite--Tests";
				PRODUCT_NAME = "$(TARGET_NAME)";
				TEST_HOST = "$(BUILT_PRODUCTS_DIR)/sqlite封装.app/sqlite封装";
			};
			name = Debug;
		};
		70F3C52B1E2B51E000812ACD /* Release */ = {
			isa = XCBuildConfiguration;
			buildSettings = {
				BUNDLE_LOADER = "$(TEST_HOST)";
				INFOPLIST_FILE = "sqlite封装Tests/Info.plist";
				LD_RUNPATH_SEARCH_PATHS = "$(inherited) @executable_path/Frameworks @loader_path/Frameworks";
				PRODUCT_BUNDLE_IDENTIFIER = "com.520it.sqlite--Tests";
				PRODUCT_NAME = "$(TARGET_NAME)";
				TEST_HOST = "$(BUILT_PRODUCTS_DIR)/sqlite封装.app/sqlite封装";
			};
			name = Release;
		};
/* End XCBuildConfiguration section */

/* Begin XCConfigurationList section */
		70F3C4C21E2B496D00812ACD /* Build configuration list for PBXProject "sqlite封装" */ = {
			isa = XCConfigurationList;
			buildConfigurations = (
				70F3C4DC1E2B496D00812ACD /* Debug */,
				70F3C4DD1E2B496D00812ACD /* Release */,
			);
			defaultConfigurationIsVisible = 0;
			defaultConfigurationName = Release;
		};
		70F3C4DE1E2B496D00812ACD /* Build configuration list for PBXNativeTarget "sqlite封装" */ = {
			isa = XCConfigurationList;
			buildConfigurations = (
				70F3C4DF1E2B496D00812ACD /* Debug */,
				70F3C4E01E2B496D00812ACD /* Release */,
			);
			defaultConfigurationIsVisible = 0;
			defaultConfigurationName = Release;
		};
		70F3C5291E2B51E000812ACD /* Build configuration list for PBXNativeTarget "sqlite封装Tests" */ = {
			isa = XCConfigurationList;
			buildConfigurations = (
				70F3C52A1E2B51E000812ACD /* Debug */,
				70F3C52B1E2B51E000812ACD /* Release */,
			);
			defaultConfigurationIsVisible = 0;
			defaultConfigurationName = Release;
		};
/* End XCConfigurationList section */
	};
	rootObject = 70F3C4BF1E2B496D00812ACD /* Project object */;
}
